Microsoft Visual Studio Solution File, Format Version 12.00
# Visual Studio Version 17
VisualStudioVersion = 17.5.2.0
MinimumVisualStudioVersion = 10.0.40219.1
Project("{FAE04EC0-301F-11D3-BF4B-00C04F79EFBC}") = "FractoBackend", "FractoBackend\FractoBackend.csproj", "{3A99EA80-7D3D-E5D1-C9B6-226847D036DC}"
EndProject
Global
	GlobalSection(SolutionConfigurationPlatforms) = preSolution
		Debug|Any CPU = Debug|Any CPU
		Release|Any CPU = Release|Any CPU
	EndGlobalSection
	GlobalSection(ProjectConfigurationPlatforms) = postSolution
		{3A99EA80-7D3D-E5D1-C9B6-226847D036DC}.Debug|Any CPU.ActiveCfg = Debug|Any CPU
		{3A99EA80-7D3D-E5D1-C9B6-226847D036DC}.Debug|Any CPU.Build.0 = Debug|Any CPU
		{3A99EA80-7D3D-E5D1-C9B6-226847D036DC}.Release|Any CPU.ActiveCfg = Release|Any CPU
		{3A99EA80-7D3D-E5D1-C9B6-226847D036DC}.Release|Any CPU.Build.0 = Release|Any CPU
	EndGlobalSection
	GlobalSection(SolutionProperties) = preSolution
		HideSolutionNode = FALSE
	EndGlobalSection
	GlobalSection(ExtensibilityGlobals) = postSolution
		SolutionGuid = {34F94059-04DB-4D66-8CC6-E2F41527EED3}
	EndGlobalSection
EndGlobal
